{
  "version": 4,
  "terraform_version": "1.5.7",
  "serial": 19,
  "lineage": "0a6cda10-4f51-0915-285e-820b56d550e3",
  "outputs": {},
  "resources": [
    {
      "mode": "data",
      "type": "aws_db_subnet_group",
      "name": "subnet-group",
      "provider": "provider[\"registry.terraform.io/hashicorp/aws\"]",
      "instances": [
        {
          "schema_version": 0,
          "attributes": {
            "arn": "arn:aws:rds:eu-west-2:129033205317:subgrp:public_subnet_group_11",
            "description": "Managed by Terraform",
            "id": "public_subnet_group_11",
            "name": "public_subnet_group_11",
            "status": "Complete",
            "subnet_ids": [
              "subnet-04ec64625db90bc59",
              "subnet-0680e82f872693b78",
              "subnet-0af173a8d980c9354"
            ],
            "supported_network_types": [],
            "vpc_id": "vpc-02112f9747d891585"
          },
          "sensitive_attributes": []
        }
      ]
    },
    {
      "mode": "data",
      "type": "aws_ecs_cluster",
      "name": "c11-cluster",
      "provider": "provider[\"registry.terraform.io/hashicorp/aws\"]",
      "instances": [
        {
          "schema_version": 0,
          "attributes": {
            "arn": "arn:aws:ecs:eu-west-2:129033205317:cluster/c11-ecs-cluster",
            "cluster_name": "c11-ecs-cluster",
            "id": "arn:aws:ecs:eu-west-2:129033205317:cluster/c11-ecs-cluster",
            "pending_tasks_count": 0,
            "registered_container_instances_count": 0,
            "running_tasks_count": 2,
            "service_connect_defaults": [],
            "setting": [
              {
                "name": "containerInsights",
                "value": "disabled"
              }
            ],
            "status": "ACTIVE",
            "tags": {}
          },
          "sensitive_attributes": []
        }
      ]
    },
    {
      "mode": "data",
      "type": "aws_iam_role",
      "name": "execution-role",
      "provider": "provider[\"registry.terraform.io/hashicorp/aws\"]",
      "instances": [
        {
          "schema_version": 0,
          "attributes": {
            "arn": "arn:aws:iam::129033205317:role/ecsTaskExecutionRole",
            "assume_role_policy": "{\"Version\":\"2008-10-17\",\"Statement\":[{\"Sid\":\"\",\"Effect\":\"Allow\",\"Principal\":{\"Service\":\"ecs-tasks.amazonaws.com\"},\"Action\":\"sts:AssumeRole\"}]}",
            "create_date": "2024-03-01T13:05:26Z",
            "description": "",
            "id": "ecsTaskExecutionRole",
            "max_session_duration": 3600,
            "name": "ecsTaskExecutionRole",
            "path": "/",
            "permissions_boundary": "",
            "role_last_used": [
              {
                "last_used_date": "2024-06-14T14:27:13Z",
                "region": "eu-west-2"
              }
            ],
            "tags": {},
            "unique_id": "AROAR4CX2OZC7GJGGWT62"
          },
          "sensitive_attributes": []
        }
      ]
    },
    {
      "mode": "data",
      "type": "aws_vpc",
      "name": "c11-vpc",
      "provider": "provider[\"registry.terraform.io/hashicorp/aws\"]",
      "instances": [
        {
          "schema_version": 0,
          "attributes": {
            "arn": "arn:aws:ec2:eu-west-2:129033205317:vpc/vpc-04b15cce2398e57f7",
            "cidr_block": "10.0.0.0/16",
            "cidr_block_associations": [
              {
                "association_id": "vpc-cidr-assoc-02740653dc098e9ed",
                "cidr_block": "10.0.0.0/16",
                "state": "associated"
              }
            ],
            "default": false,
            "dhcp_options_id": "dopt-026a7201f48953bf2",
            "enable_dns_hostnames": true,
            "enable_dns_support": true,
            "enable_network_address_usage_metrics": false,
            "filter": null,
            "id": "vpc-04b15cce2398e57f7",
            "instance_tenancy": "default",
            "ipv6_association_id": "",
            "ipv6_cidr_block": "",
            "main_route_table_id": "rtb-0c5272228e3a3473e",
            "owner_id": "129033205317",
            "state": null,
            "tags": {
              "Name": "c11-VPC"
            },
            "timeouts": null
          },
          "sensitive_attributes": []
        }
      ]
    },
    {
      "mode": "managed",
      "type": "aws_ecr_repository",
      "name": "dashboard-repo",
      "provider": "provider[\"registry.terraform.io/hashicorp/aws\"]",
      "instances": [
        {
          "schema_version": 0,
          "attributes": {
            "arn": "arn:aws:ecr:eu-west-2:129033205317:repository/c11-vodnik-plant-dashboard",
            "encryption_configuration": [
              {
                "encryption_type": "AES256",
                "kms_key": ""
              }
            ],
            "force_delete": null,
            "id": "c11-vodnik-plant-dashboard",
            "image_scanning_configuration": [
              {
                "scan_on_push": false
              }
            ],
            "image_tag_mutability": "MUTABLE",
            "name": "c11-vodnik-plant-dashboard",
            "registry_id": "129033205317",
            "repository_url": "129033205317.dkr.ecr.eu-west-2.amazonaws.com/c11-vodnik-plant-dashboard",
            "tags": {},
            "tags_all": {},
            "timeouts": null
          },
          "sensitive_attributes": [],
          "private": "eyJlMmJmYjczMC1lY2FhLTExZTYtOGY4OC0zNDM2M2JjN2M0YzAiOnsiZGVsZXRlIjoxMjAwMDAwMDAwMDAwfX0="
        }
      ]
    },
    {
      "mode": "managed",
      "type": "aws_ecs_service",
      "name": "c11-vodnik-dashboard-service",
      "provider": "provider[\"registry.terraform.io/hashicorp/aws\"]",
      "instances": [
        {
          "schema_version": 0,
          "attributes": {
            "alarms": [],
            "capacity_provider_strategy": [],
            "cluster": "arn:aws:ecs:eu-west-2:129033205317:cluster/c11-ecs-cluster",
            "deployment_circuit_breaker": [
              {
                "enable": false,
                "rollback": false
              }
            ],
            "deployment_controller": [
              {
                "type": "ECS"
              }
            ],
            "deployment_maximum_percent": 200,
            "deployment_minimum_healthy_percent": 100,
            "desired_count": 1,
            "enable_ecs_managed_tags": false,
            "enable_execute_command": false,
            "force_new_deployment": null,
            "health_check_grace_period_seconds": 0,
            "iam_role": "/aws-service-role/ecs.amazonaws.com/AWSServiceRoleForECS",
            "id": "arn:aws:ecs:eu-west-2:129033205317:service/c11-ecs-cluster/c11-vodnik-dashboard-service",
            "launch_type": "FARGATE",
            "load_balancer": [],
            "name": "c11-vodnik-dashboard-service",
            "network_configuration": [
              {
                "assign_public_ip": true,
                "security_groups": [
                  "sg-0f7d1f384b410e4b5"
                ],
                "subnets": [
                  "subnet-07de213eeae1f6307",
                  "subnet-08781450402b81aa2",
                  "subnet-0e6c6a8f959dae31a"
                ]
              }
            ],
            "ordered_placement_strategy": [],
            "placement_constraints": [],
            "platform_version": "LATEST",
            "propagate_tags": "NONE",
            "scheduling_strategy": "REPLICA",
            "service_connect_configuration": [],
            "service_registries": [],
            "tags": null,
            "tags_all": {},
            "task_definition": "arn:aws:ecs:eu-west-2:129033205317:task-definition/c11-vodnik-dashboard:3",
            "timeouts": null,
            "triggers": {},
            "volume_configuration": [],
            "wait_for_steady_state": false
          },
          "sensitive_attributes": [],
          "private": "eyJlMmJmYjczMC1lY2FhLTExZTYtOGY4OC0zNDM2M2JjN2M0YzAiOnsiY3JlYXRlIjoxMjAwMDAwMDAwMDAwLCJkZWxldGUiOjEyMDAwMDAwMDAwMDAsInVwZGF0ZSI6MTIwMDAwMDAwMDAwMH19",
          "dependencies": [
            "aws_ecs_task_definition.c11-vodnik-dashboard",
            "aws_security_group.c11-vodnik-dashboard-security_group",
            "data.aws_ecs_cluster.c11-cluster",
            "data.aws_iam_role.execution-role"
          ]
        }
      ]
    },
    {
      "mode": "managed",
      "type": "aws_ecs_task_definition",
      "name": "c11-vodnik-dashboard",
      "provider": "provider[\"registry.terraform.io/hashicorp/aws\"]",
      "instances": [
        {
          "schema_version": 1,
          "attributes": {
            "arn": "arn:aws:ecs:eu-west-2:129033205317:task-definition/c11-vodnik-dashboard:3",
            "arn_without_revision": "arn:aws:ecs:eu-west-2:129033205317:task-definition/c11-vodnik-dashboard",
            "container_definitions": "[{\"cpu\":0,\"environment\":[{\"name\":\"ACCESS_KEY_ID\",\"value\":\"AKIAR4CX2OZC4ABMY5GT\"},{\"name\":\"DB_HOST\",\"value\":\"plants.c57vkec7dkkx.eu-west-2.rds.amazonaws.com\"},{\"name\":\"DB_NAME\",\"value\":\"plants\"},{\"name\":\"DB_PASSWORD\",\"value\":\"gamma1\"},{\"name\":\"DB_PORT\",\"value\":\"1433\"},{\"name\":\"DB_USER\",\"value\":\"gamma\"},{\"name\":\"SECRET_ACCESS_KEY\",\"value\":\"XsDlX7lGLOKWxBQiYybG/mqN7zQERoDoydL10fs7\"}],\"essential\":true,\"image\":\"129033205317.dkr.ecr.eu-west-2.amazonaws.com/c11-vodnik-plant-dashboard:latest\",\"logConfiguration\":{\"logDriver\":\"awslogs\",\"options\":{\"awslogs-create-group\":\"true\",\"awslogs-group\":\"/ecs/c11-vodnik-dashboard\",\"awslogs-region\":\"eu-west-2\",\"awslogs-stream-prefix\":\"ecs\"}},\"mountPoints\":[],\"name\":\"c11-vodnik-dashboard\",\"portMappings\":[{\"containerPort\":8501,\"hostPort\":8501,\"protocol\":\"tcp\"}],\"systemControls\":[],\"volumesFrom\":[]}]",
            "cpu": "1024",
            "ephemeral_storage": [],
            "execution_role_arn": "arn:aws:iam::129033205317:role/ecsTaskExecutionRole",
            "family": "c11-vodnik-dashboard",
            "id": "c11-vodnik-dashboard",
            "inference_accelerator": [],
            "ipc_mode": "",
            "memory": "2048",
            "network_mode": "awsvpc",
            "pid_mode": "",
            "placement_constraints": [],
            "proxy_configuration": [],
            "requires_compatibilities": [
              "FARGATE"
            ],
            "revision": 3,
            "runtime_platform": [],
            "skip_destroy": false,
            "tags": null,
            "tags_all": {},
            "task_role_arn": "",
            "track_latest": false,
            "volume": []
          },
          "sensitive_attributes": [],
          "private": "eyJzY2hlbWFfdmVyc2lvbiI6IjEifQ==",
          "dependencies": [
            "data.aws_iam_role.execution-role"
          ]
        }
      ]
    },
    {
      "mode": "managed",
      "type": "aws_security_group",
      "name": "c11-vodnik-dashboard-security_group",
      "provider": "provider[\"registry.terraform.io/hashicorp/aws\"]",
      "instances": [
        {
          "schema_version": 1,
          "attributes": {
            "arn": "arn:aws:ec2:eu-west-2:129033205317:security-group/sg-0f7d1f384b410e4b5",
            "description": "Managed by Terraform",
            "egress": [
              {
                "cidr_blocks": [
                  "0.0.0.0/0"
                ],
                "description": "",
                "from_port": 0,
                "ipv6_cidr_blocks": [],
                "prefix_list_ids": [],
                "protocol": "-1",
                "security_groups": [],
                "self": false,
                "to_port": 0
              }
            ],
            "id": "sg-0f7d1f384b410e4b5",
            "ingress": [
              {
                "cidr_blocks": [
                  "0.0.0.0/0"
                ],
                "description": "",
                "from_port": 80,
                "ipv6_cidr_blocks": [],
                "prefix_list_ids": [],
                "protocol": "tcp",
                "security_groups": [],
                "self": false,
                "to_port": 80
              },
              {
                "cidr_blocks": [
                  "0.0.0.0/0"
                ],
                "description": "",
                "from_port": 8501,
                "ipv6_cidr_blocks": [],
                "prefix_list_ids": [],
                "protocol": "tcp",
                "security_groups": [],
                "self": false,
                "to_port": 8501
              }
            ],
            "name": "c11-vodnik-dashboard-sg",
            "name_prefix": "",
            "owner_id": "129033205317",
            "revoke_rules_on_delete": false,
            "tags": {},
            "tags_all": {},
            "timeouts": null,
            "vpc_id": "vpc-04b15cce2398e57f7"
          },
          "sensitive_attributes": [],
          "private": "eyJlMmJmYjczMC1lY2FhLTExZTYtOGY4OC0zNDM2M2JjN2M0YzAiOnsiY3JlYXRlIjo2MDAwMDAwMDAwMDAsImRlbGV0ZSI6OTAwMDAwMDAwMDAwfSwic2NoZW1hX3ZlcnNpb24iOiIxIn0=",
          "dependencies": [
            "data.aws_vpc.c11-vpc"
          ]
        }
      ]
    }
  ],
  "check_results": null
}
